
Microsoft Visual Studio Solution File, Format Version 12.00
# Visual Studio Version 16
VisualStudioVersion = 16.0.29102.190
MinimumVisualStudioVersion = 10.0.40219.1
Project("{FAE04EC0-301F-11D3-BF4B-00C04F79EFBC}") = "SecondChances", "SecondChances\SecondChances.csproj", "{70E5627C-D7F7-4076-B232-D971BA541089}"
EndProject
Global
	GlobalSection(SolutionConfigurationPlatforms) = preSolution
		Debug|Any CPU = Debug|Any CPU
		Release|Any CPU = Release|Any CPU
	EndGlobalSection
	GlobalSection(ProjectConfigurationPlatforms) = postSolution
		{70E5627C-D7F7-4076-B232-D971BA541089}.Debug|Any CPU.ActiveCfg = Debug|Any CPU
		{70E5627C-D7F7-4076-B232-D971BA541089}.Debug|Any CPU.Build.0 = Debug|Any CPU
		{70E5627C-D7F7-4076-B232-D971BA541089}.Release|Any CPU.ActiveCfg = Release|Any CPU
		{70E5627C-D7F7-4076-B232-D971BA541089}.Release|Any CPU.Build.0 = Release|Any CPU
	EndGlobalSection
	GlobalSection(SolutionProperties) = preSolution
		HideSolutionNode = FALSE
	EndGlobalSection
	GlobalSection(ExtensibilityGlobals) = postSolution
		SolutionGuid = {3F0CC56A-247A-4174-AB8D-0533F4E2A467}
	EndGlobalSection
EndGlobal
